{
  "name": "cities-list-api",
  "version": "1.0.0",
  "lockfileVersion": 3,
  "requires": true,
  "packages": {
    "": {
      "name": "cities-list-api",
      "version": "1.0.0",
      "license": "ISC",
      "dependencies": {
        "@oriano-dev/is-even": "^1.0.1",
        "cities-list": "^1.0.3",
        "countries-iso-list": "^1.0.8"
      }
    },
    "node_modules/@oriano-dev/is-even": {
      "version": "1.0.1",
      "resolved": "https://registry.npmjs.org/@oriano-dev/is-even/-/is-even-1.0.1.tgz",
      "integrity": "sha512-hG7XnTL6AmHVC9aDp21JVkfhTaczLJHeFKd4jjOCl/R3YsQC7ewrEEtdxddaBJ2tOtazC177WfmRH7YULpYU0w=="
    },
    "node_modules/cities-list": {
      "version": "1.0.3",
      "resolved": "https://registry.npmjs.org/cities-list/-/cities-list-1.0.3.tgz",
      "integrity": "sha512-UadgzcZiV38TvJXlGymITRvvxaR5PtlrS2M+RJICyvRNp3TnOCPA/5ZZuRn8yG6SexKy1x9I+IwFctZ39XbI/Q=="
    },
    "node_modules/countries-iso-list": {
      "version": "1.0.8",
      "resolved": "https://registry.npmjs.org/countries-iso-list/-/countries-iso-list-1.0.8.tgz",
      "integrity": "sha512-z0YmGknLSB1TkcH/exh2nGKj+nXifuppFJ4yNCf+s7BojNd1W6M0V+Z+Dk9OF4DWsJd3DgSyH0CnDX2yR3iCjw=="
    }
  }
}
